
Microsoft Visual Studio Solution File, Format Version 12.00
# Visual Studio Version 17
VisualStudioVersion = 17.0.31903.59
MinimumVisualStudioVersion = 10.0.40219.1
Project("{9A19103F-16F7-4668-BE54-9A1E7A4F7556}") = "API", "API\API.csproj", "{FFC218C3-8201-418C-8F96-CF1BFCF539FB}"
EndProject
Project("{9A19103F-16F7-4668-BE54-9A1E7A4F7556}") = "Core", "Core\Core.csproj", "{A52FD63C-EAB9-437E-A3DC-8501FBC233AD}"
EndProject
Project("{9A19103F-16F7-4668-BE54-9A1E7A4F7556}") = "Infrastructure", "Infrastructure\Infrastructure.csproj", "{5757F2A5-A666-4196-8500-464EC3F27B59}"
EndProject
Global
	GlobalSection(SolutionConfigurationPlatforms) = preSolution
		Debug|Any CPU = Debug|Any CPU
		Release|Any CPU = Release|Any CPU
	EndGlobalSection
	GlobalSection(ProjectConfigurationPlatforms) = postSolution
		{FFC218C3-8201-418C-8F96-CF1BFCF539FB}.Debug|Any CPU.ActiveCfg = Debug|Any CPU
		{FFC218C3-8201-418C-8F96-CF1BFCF539FB}.Debug|Any CPU.Build.0 = Debug|Any CPU
		{FFC218C3-8201-418C-8F96-CF1BFCF539FB}.Release|Any CPU.ActiveCfg = Release|Any CPU
		{FFC218C3-8201-418C-8F96-CF1BFCF539FB}.Release|Any CPU.Build.0 = Release|Any CPU
		{A52FD63C-EAB9-437E-A3DC-8501FBC233AD}.Debug|Any CPU.ActiveCfg = Debug|Any CPU
		{A52FD63C-EAB9-437E-A3DC-8501FBC233AD}.Debug|Any CPU.Build.0 = Debug|Any CPU
		{A52FD63C-EAB9-437E-A3DC-8501FBC233AD}.Release|Any CPU.ActiveCfg = Release|Any CPU
		{A52FD63C-EAB9-437E-A3DC-8501FBC233AD}.Release|Any CPU.Build.0 = Release|Any CPU
		{5757F2A5-A666-4196-8500-464EC3F27B59}.Debug|Any CPU.ActiveCfg = Debug|Any CPU
		{5757F2A5-A666-4196-8500-464EC3F27B59}.Debug|Any CPU.Build.0 = Debug|Any CPU
		{5757F2A5-A666-4196-8500-464EC3F27B59}.Release|Any CPU.ActiveCfg = Release|Any CPU
		{5757F2A5-A666-4196-8500-464EC3F27B59}.Release|Any CPU.Build.0 = Release|Any CPU
	EndGlobalSection
	GlobalSection(SolutionProperties) = preSolution
		HideSolutionNode = FALSE
	EndGlobalSection
EndGlobal
